
Microsoft Visual Studio Solution File, Format Version 12.00
# Visual Studio Version 17
VisualStudioVersion = 17.4.33213.308
MinimumVisualStudioVersion = 10.0.40219.1
Project("{888888A0-9F3D-457C-B088-3A5042F75D52}") = "DataStructures_SortingAlgorithmsinPy", "DataStructures_SortingAlgorithmsinPy.pyproj", "{E35112B1-42E6-4278-A1EA-B132C1EF631E}"
EndProject
Global
	GlobalSection(SolutionConfigurationPlatforms) = preSolution
		Debug|Any CPU = Debug|Any CPU
		Release|Any CPU = Release|Any CPU
	EndGlobalSection
	GlobalSection(ProjectConfigurationPlatforms) = postSolution
		{E35112B1-42E6-4278-A1EA-B132C1EF631E}.Debug|Any CPU.ActiveCfg = Debug|Any CPU
		{E35112B1-42E6-4278-A1EA-B132C1EF631E}.Release|Any CPU.ActiveCfg = Release|Any CPU
	EndGlobalSection
	GlobalSection(SolutionProperties) = preSolution
		HideSolutionNode = FALSE
	EndGlobalSection
	GlobalSection(ExtensibilityGlobals) = postSolution
		SolutionGuid = {079D5F05-0478-4444-96DF-E0F4B4420E6E}
	EndGlobalSection
EndGlobal
